
Microsoft Visual Studio Solution File, Format Version 11.00
# Visual C# Express 2010
Project("{FAE04EC0-301F-11D3-BF4B-00C04F79EFBC}") = "Serier", "Serier\Serier.csproj", "{ACD3CC18-8640-4C28-9056-B6CD3C6A2E87}"
EndProject
Global
	GlobalSection(SolutionConfigurationPlatforms) = preSolution
		Debug|x86 = Debug|x86
		Release|x86 = Release|x86
	EndGlobalSection
	GlobalSection(ProjectConfigurationPlatforms) = postSolution
		{ACD3CC18-8640-4C28-9056-B6CD3C6A2E87}.Debug|x86.ActiveCfg = Debug|x86
		{ACD3CC18-8640-4C28-9056-B6CD3C6A2E87}.Debug|x86.Build.0 = Debug|x86
		{ACD3CC18-8640-4C28-9056-B6CD3C6A2E87}.Release|x86.ActiveCfg = Release|x86
		{ACD3CC18-8640-4C28-9056-B6CD3C6A2E87}.Release|x86.Build.0 = Release|x86
	EndGlobalSection
	GlobalSection(SolutionProperties) = preSolution
		HideSolutionNode = FALSE
	EndGlobalSection
EndGlobal
